// !$*UTF8*$!
{
	archiveVersion = 1;
	classes = {
	};
	objectVersion = 56;
	objects = {

/* Begin PBXBuildFile section */
		216D04A8298EB66600853743 /* NavigationReducer in Frameworks */ = {isa = PBXBuildFile; productRef = 216D04A7298EB66600853743 /* NavigationReducer */; };
		216D04AC2991073A00853743 /* Modal.Router.swift in Sources */ = {isa = PBXBuildFile; fileRef = 216D04AB2991073A00853743 /* Modal.Router.swift */; };
		21A92C9A298E6AB700868955 /* NavigationReducerApp.swift in Sources */ = {isa = PBXBuildFile; fileRef = 21A92C99298E6AB700868955 /* NavigationReducerApp.swift */; };
		21A92C9E298E6AB900868955 /* Assets.xcassets in Resources */ = {isa = PBXBuildFile; fileRef = 21A92C9D298E6AB900868955 /* Assets.xcassets */; };
		21A92CA1298E6AB900868955 /* Preview Assets.xcassets in Resources */ = {isa = PBXBuildFile; fileRef = 21A92CA0298E6AB900868955 /* Preview Assets.xcassets */; };
		21C774282993DCC700C326CD /* Landing.Router.swift in Sources */ = {isa = PBXBuildFile; fileRef = 21C774272993DCC700C326CD /* Landing.Router.swift */; };
		21C7742B2993DD2500C326CD /* Landing.swift in Sources */ = {isa = PBXBuildFile; fileRef = 21C7742A2993DD2500C326CD /* Landing.swift */; };
		21C7742D2993DE8E00C326CD /* First.swift in Sources */ = {isa = PBXBuildFile; fileRef = 21C7742C2993DE8E00C326CD /* First.swift */; };
		21C7742F2993DEC200C326CD /* Second.swift in Sources */ = {isa = PBXBuildFile; fileRef = 21C7742E2993DEC200C326CD /* Second.swift */; };
		21C774322993DF7E00C326CD /* Modal.swift in Sources */ = {isa = PBXBuildFile; fileRef = 21C774312993DF7E00C326CD /* Modal.swift */; };
/* End PBXBuildFile section */

/* Begin PBXFileReference section */
		216D04A6298EB61E00853743 /* NavigationReducer */ = {isa = PBXFileReference; lastKnownFileType = wrapper; name = NavigationReducer; path = ../NavigationReducer; sourceTree = "<group>"; };
		216D04AB2991073A00853743 /* Modal.Router.swift */ = {isa = PBXFileReference; lastKnownFileType = sourcecode.swift; path = Modal.Router.swift; sourceTree = "<group>"; };
		21A92C96298E6AB700868955 /* NavigationReducerApp.app */ = {isa = PBXFileReference; explicitFileType = wrapper.application; includeInIndex = 0; path = NavigationReducerApp.app; sourceTree = BUILT_PRODUCTS_DIR; };
		21A92C99298E6AB700868955 /* NavigationReducerApp.swift */ = {isa = PBXFileReference; lastKnownFileType = sourcecode.swift; path = NavigationReducerApp.swift; sourceTree = "<group>"; };
		21A92C9D298E6AB900868955 /* Assets.xcassets */ = {isa = PBXFileReference; lastKnownFileType = folder.assetcatalog; path = Assets.xcassets; sourceTree = "<group>"; };
		21A92CA0298E6AB900868955 /* Preview Assets.xcassets */ = {isa = PBXFileReference; lastKnownFileType = folder.assetcatalog; path = "Preview Assets.xcassets"; sourceTree = "<group>"; };
		21C774272993DCC700C326CD /* Landing.Router.swift */ = {isa = PBXFileReference; lastKnownFileType = sourcecode.swift; path = Landing.Router.swift; sourceTree = "<group>"; };
		21C7742A2993DD2500C326CD /* Landing.swift */ = {isa = PBXFileReference; lastKnownFileType = sourcecode.swift; path = Landing.swift; sourceTree = "<group>"; };
		21C7742C2993DE8E00C326CD /* First.swift */ = {isa = PBXFileReference; fileEncoding = 4; lastKnownFileType = sourcecode.swift; path = First.swift; sourceTree = "<group>"; };
		21C7742E2993DEC200C326CD /* Second.swift */ = {isa = PBXFileReference; fileEncoding = 4; lastKnownFileType = sourcecode.swift; path = Second.swift; sourceTree = "<group>"; };
		21C774312993DF7E00C326CD /* Modal.swift */ = {isa = PBXFileReference; lastKnownFileType = sourcecode.swift; path = Modal.swift; sourceTree = "<group>"; };
/* End PBXFileReference section */

/* Begin PBXFrameworksBuildPhase section */
		21A92C93298E6AB700868955 /* Frameworks */ = {
			isa = PBXFrameworksBuildPhase;
			buildActionMask = 2147483647;
			files = (
				216D04A8298EB66600853743 /* NavigationReducer in Frameworks */,
			);
			runOnlyForDeploymentPostprocessing = 0;
		};
/* End PBXFrameworksBuildPhase section */

/* Begin PBXGroup section */
		216D049A298E6B3000853743 /* Frameworks */ = {
			isa = PBXGroup;
			children = (
			);
			name = Frameworks;
			sourceTree = "<group>";
		};
		216D04A4298EB4B600853743 /* Packages */ = {
			isa = PBXGroup;
			children = (
				216D04A6298EB61E00853743 /* NavigationReducer */,
			);
			name = Packages;
			sourceTree = "<group>";
		};
		21A92C8D298E6AB700868955 = {
			isa = PBXGroup;
			children = (
				216D04A4298EB4B600853743 /* Packages */,
				21A92C98298E6AB700868955 /* NavigationReducerApp */,
				21A92C97298E6AB700868955 /* Products */,
				216D049A298E6B3000853743 /* Frameworks */,
			);
			sourceTree = "<group>";
		};
		21A92C97298E6AB700868955 /* Products */ = {
			isa = PBXGroup;
			children = (
				21A92C96298E6AB700868955 /* NavigationReducerApp.app */,
			);
			name = Products;
			sourceTree = "<group>";
		};
		21A92C98298E6AB700868955 /* NavigationReducerApp */ = {
			isa = PBXGroup;
			children = (
				21A92C99298E6AB700868955 /* NavigationReducerApp.swift */,
				21C774342993E83500C326CD /* NavigationFlows */,
				21A92C9D298E6AB900868955 /* Assets.xcassets */,
				21A92C9F298E6AB900868955 /* Preview Content */,
			);
			path = NavigationReducerApp;
			sourceTree = "<group>";
		};
		21A92C9F298E6AB900868955 /* Preview Content */ = {
			isa = PBXGroup;
			children = (
				21A92CA0298E6AB900868955 /* Preview Assets.xcassets */,
			);
			path = "Preview Content";
			sourceTree = "<group>";
		};
		21C774292993DCCB00C326CD /* Landing */ = {
			isa = PBXGroup;
			children = (
				21C774272993DCC700C326CD /* Landing.Router.swift */,
				21C7742A2993DD2500C326CD /* Landing.swift */,
				21C7742E2993DEC200C326CD /* Second.swift */,
			);
			path = Landing;
			sourceTree = "<group>";
		};
		21C774302993DF2900C326CD /* Modal */ = {
			isa = PBXGroup;
			children = (
				216D04AB2991073A00853743 /* Modal.Router.swift */,
				21C774312993DF7E00C326CD /* Modal.swift */,
			);
			path = Modal;
			sourceTree = "<group>";
		};
		21C774332993E82900C326CD /* Shared */ = {
			isa = PBXGroup;
			children = (
				21C7742C2993DE8E00C326CD /* First.swift */,
			);
			path = Shared;
			sourceTree = "<group>";
		};
		21C774342993E83500C326CD /* NavigationFlows */ = {
			isa = PBXGroup;
			children = (
				21C774332993E82900C326CD /* Shared */,
				21C774292993DCCB00C326CD /* Landing */,
				21C774302993DF2900C326CD /* Modal */,
			);
			path = NavigationFlows;
			sourceTree = "<group>";
		};
/* End PBXGroup section */

/* Begin PBXNativeTarget section */
		21A92C95298E6AB700868955 /* NavigationReducerApp */ = {
			isa = PBXNativeTarget;
			buildConfigurationList = 21A92CA4298E6AB900868955 /* Build configuration list for PBXNativeTarget "NavigationReducerApp" */;
			buildPhases = (
				21A92C92298E6AB700868955 /* Sources */,
				21A92C93298E6AB700868955 /* Frameworks */,
				21A92C94298E6AB700868955 /* Resources */,
			);
			buildRules = (
			);
			dependencies = (
			);
			name = NavigationReducerApp;
			packageProductDependencies = (
				216D04A7298EB66600853743 /* NavigationReducer */,
			);
			productName = NavigationReducer;
			productReference = 21A92C96298E6AB700868955 /* NavigationReducerApp.app */;
			productType = "com.apple.product-type.application";
		};
/* End PBXNativeTarget section */

/* Begin PBXProject section */
		21A92C8E298E6AB700868955 /* Project object */ = {
			isa = PBXProject;
			attributes = {
				BuildIndependentTargetsInParallel = 1;
				LastSwiftUpdateCheck = 1420;
				LastUpgradeCheck = 1420;
				TargetAttributes = {
					21A92C95298E6AB700868955 = {
						CreatedOnToolsVersion = 14.2;
					};
				};
			};
			buildConfigurationList = 21A92C91298E6AB700868955 /* Build configuration list for PBXProject "NavigationReducerApp" */;
			compatibilityVersion = "Xcode 14.0";
			developmentRegion = en;
			hasScannedForEncodings = 0;
			knownRegions = (
				en,
				Base,
			);
			mainGroup = 21A92C8D298E6AB700868955;
			packageReferences = (
				216D04A1298E6C5600853743 /* XCRemoteSwiftPackageReference "swift-composable-architecture" */,
			);
			productRefGroup = 21A92C97298E6AB700868955 /* Products */;
			projectDirPath = "";
			projectRoot = "";
			targets = (
				21A92C95298E6AB700868955 /* NavigationReducerApp */,
			);
		};
/* End PBXProject section */

/* Begin PBXResourcesBuildPhase section */
		21A92C94298E6AB700868955 /* Resources */ = {
			isa = PBXResourcesBuildPhase;
			buildActionMask = 2147483647;
			files = (
				21A92CA1298E6AB900868955 /* Preview Assets.xcassets in Resources */,
				21A92C9E298E6AB900868955 /* Assets.xcassets in Resources */,
			);
			runOnlyForDeploymentPostprocessing = 0;
		};
/* End PBXResourcesBuildPhase section */

/* Begin PBXSourcesBuildPhase section */
		21A92C92298E6AB700868955 /* Sources */ = {
			isa = PBXSourcesBuildPhase;
			buildActionMask = 2147483647;
			files = (
				21C774282993DCC700C326CD /* Landing.Router.swift in Sources */,
				21C7742D2993DE8E00C326CD /* First.swift in Sources */,
				21C7742F2993DEC200C326CD /* Second.swift in Sources */,
				21C7742B2993DD2500C326CD /* Landing.swift in Sources */,
				21A92C9A298E6AB700868955 /* NavigationReducerApp.swift in Sources */,
				21C774322993DF7E00C326CD /* Modal.swift in Sources */,
				216D04AC2991073A00853743 /* Modal.Router.swift in Sources */,
			);
			runOnlyForDeploymentPostprocessing = 0;
		};
/* End PBXSourcesBuildPhase section */

/* Begin XCBuildConfiguration section */
		21A92CA2298E6AB900868955 /* Debug */ = {
			isa = XCBuildConfiguration;
			buildSettings = {
				ALWAYS_SEARCH_USER_PATHS = NO;
				CLANG_ANALYZER_NONNULL = YES;
				CLANG_ANALYZER_NUMBER_OBJECT_CONVERSION = YES_AGGRESSIVE;
				CLANG_CXX_LANGUAGE_STANDARD = "gnu++20";
				CLANG_ENABLE_MODULES = YES;
				CLANG_ENABLE_OBJC_ARC = YES;
				CLANG_ENABLE_OBJC_WEAK = YES;
				CLANG_WARN_BLOCK_CAPTURE_AUTORELEASING = YES;
				CLANG_WARN_BOOL_CONVERSION = YES;
				CLANG_WARN_COMMA = YES;
				CLANG_WARN_CONSTANT_CONVERSION = YES;
				CLANG_WARN_DEPRECATED_OBJC_IMPLEMENTATIONS = YES;
				CLANG_WARN_DIRECT_OBJC_ISA_USAGE = YES_ERROR;
				CLANG_WARN_DOCUMENTATION_COMMENTS = YES;
				CLANG_WARN_EMPTY_BODY = YES;
				CLANG_WARN_ENUM_CONVERSION = YES;
				CLANG_WARN_INFINITE_RECURSION = YES;
				CLANG_WARN_INT_CONVERSION = YES;
				CLANG_WARN_NON_LITERAL_NULL_CONVERSION = YES;
				CLANG_WARN_OBJC_IMPLICIT_RETAIN_SELF = YES;
				CLANG_WARN_OBJC_LITERAL_CONVERSION = YES;
				CLANG_WARN_OBJC_ROOT_CLASS = YES_ERROR;
				CLANG_WARN_QUOTED_INCLUDE_IN_FRAMEWORK_HEADER = YES;
				CLANG_WARN_RANGE_LOOP_ANALYSIS = YES;
				CLANG_WARN_STRICT_PROTOTYPES = YES;
				CLANG_WARN_SUSPICIOUS_MOVE = YES;
				CLANG_WARN_UNGUARDED_AVAILABILITY = YES_AGGRESSIVE;
				CLANG_WARN_UNREACHABLE_CODE = YES;
				CLANG_WARN__DUPLICATE_METHOD_MATCH = YES;
				COPY_PHASE_STRIP = NO;
				DEBUG_INFORMATION_FORMAT = dwarf;
				ENABLE_STRICT_OBJC_MSGSEND = YES;
				ENABLE_TESTABILITY = YES;
				GCC_C_LANGUAGE_STANDARD = gnu11;
				GCC_DYNAMIC_NO_PIC = NO;
				GCC_NO_COMMON_BLOCKS = YES;
				GCC_OPTIMIZATION_LEVEL = 0;
				GCC_PREPROCESSOR_DEFINITIONS = (
					"DEBUG=1",
					"$(inherited)",
				);
				GCC_WARN_64_TO_32_BIT_CONVERSION = YES;
				GCC_WARN_ABOUT_RETURN_TYPE = YES_ERROR;
				GCC_WARN_UNDECLARED_SELECTOR = YES;
				GCC_WARN_UNINITIALIZED_AUTOS = YES_AGGRESSIVE;
				GCC_WARN_UNUSED_FUNCTION = YES;
				GCC_WARN_UNUSED_VARIABLE = YES;
				IPHONEOS_DEPLOYMENT_TARGET = 16.2;
				MTL_ENABLE_DEBUG_INFO = INCLUDE_SOURCE;
				MTL_FAST_MATH = YES;
				ONLY_ACTIVE_ARCH = YES;
				SDKROOT = iphoneos;
				SWIFT_ACTIVE_COMPILATION_CONDITIONS = DEBUG;
				SWIFT_OPTIMIZATION_LEVEL = "-Onone";
			};
			name = Debug;
		};
		21A92CA3298E6AB900868955 /* Release */ = {
			isa = XCBuildConfiguration;
			buildSettings = {
				ALWAYS_SEARCH_USER_PATHS = NO;
				CLANG_ANALYZER_NONNULL = YES;
				CLANG_ANALYZER_NUMBER_OBJECT_CONVERSION = YES_AGGRESSIVE;
				CLANG_CXX_LANGUAGE_STANDARD = "gnu++20";
				CLANG_ENABLE_MODULES = YES;
				CLANG_ENABLE_OBJC_ARC = YES;
				CLANG_ENABLE_OBJC_WEAK = YES;
				CLANG_WARN_BLOCK_CAPTURE_AUTORELEASING = YES;
				CLANG_WARN_BOOL_CONVERSION = YES;
				CLANG_WARN_COMMA = YES;
				CLANG_WARN_CONSTANT_CONVERSION = YES;
				CLANG_WARN_DEPRECATED_OBJC_IMPLEMENTATIONS = YES;
				CLANG_WARN_DIRECT_OBJC_ISA_USAGE = YES_ERROR;
				CLANG_WARN_DOCUMENTATION_COMMENTS = YES;
				CLANG_WARN_EMPTY_BODY = YES;
				CLANG_WARN_ENUM_CONVERSION = YES;
				CLANG_WARN_INFINITE_RECURSION = YES;
				CLANG_WARN_INT_CONVERSION = YES;
				CLANG_WARN_NON_LITERAL_NULL_CONVERSION = YES;
				CLANG_WARN_OBJC_IMPLICIT_RETAIN_SELF = YES;
				CLANG_WARN_OBJC_LITERAL_CONVERSION = YES;
				CLANG_WARN_OBJC_ROOT_CLASS = YES_ERROR;
				CLANG_WARN_QUOTED_INCLUDE_IN_FRAMEWORK_HEADER = YES;
				CLANG_WARN_RANGE_LOOP_ANALYSIS = YES;
				CLANG_WARN_STRICT_PROTOTYPES = YES;
				CLANG_WARN_SUSPICIOUS_MOVE = YES;
				CLANG_WARN_UNGUARDED_AVAILABILITY = YES_AGGRESSIVE;
				CLANG_WARN_UNREACHABLE_CODE = YES;
				CLANG_WARN__DUPLICATE_METHOD_MATCH = YES;
				COPY_PHASE_STRIP = NO;
				DEBUG_INFORMATION_FORMAT = "dwarf-with-dsym";
				ENABLE_NS_ASSERTIONS = NO;
				ENABLE_STRICT_OBJC_MSGSEND = YES;
				GCC_C_LANGUAGE_STANDARD = gnu11;
				GCC_NO_COMMON_BLOCKS = YES;
				GCC_WARN_64_TO_32_BIT_CONVERSION = YES;
				GCC_WARN_ABOUT_RETURN_TYPE = YES_ERROR;
				GCC_WARN_UNDECLARED_SELECTOR = YES;
				GCC_WARN_UNINITIALIZED_AUTOS = YES_AGGRESSIVE;
				GCC_WARN_UNUSED_FUNCTION = YES;
				GCC_WARN_UNUSED_VARIABLE = YES;
				IPHONEOS_DEPLOYMENT_TARGET = 16.2;
				MTL_ENABLE_DEBUG_INFO = NO;
				MTL_FAST_MATH = YES;
				SDKROOT = iphoneos;
				SWIFT_COMPILATION_MODE = wholemodule;
				SWIFT_OPTIMIZATION_LEVEL = "-O";
				VALIDATE_PRODUCT = YES;
			};
			name = Release;
		};
		21A92CA5298E6AB900868955 /* Debug */ = {
			isa = XCBuildConfiguration;
			buildSettings = {
				ASSETCATALOG_COMPILER_APPICON_NAME = AppIcon;
				ASSETCATALOG_COMPILER_GLOBAL_ACCENT_COLOR_NAME = AccentColor;
				CODE_SIGN_STYLE = Automatic;
				CURRENT_PROJECT_VERSION = 1;
				DEVELOPMENT_ASSET_PATHS = "\"$TARGET_NAME/Preview Content\"";
				DEVELOPMENT_TEAM = M43468ZAL5;
				ENABLE_PREVIEWS = YES;
				GENERATE_INFOPLIST_FILE = YES;
				INFOPLIST_KEY_UIApplicationSceneManifest_Generation = YES;
				INFOPLIST_KEY_UIApplicationSupportsIndirectInputEvents = YES;
				INFOPLIST_KEY_UILaunchScreen_Generation = YES;
				INFOPLIST_KEY_UISupportedInterfaceOrientations_iPad = "UIInterfaceOrientationPortrait UIInterfaceOrientationPortraitUpsideDown UIInterfaceOrientationLandscapeLeft UIInterfaceOrientationLandscapeRight";
				INFOPLIST_KEY_UISupportedInterfaceOrientations_iPhone = "UIInterfaceOrientationPortrait UIInterfaceOrientationLandscapeLeft UIInterfaceOrientationLandscapeRight";
				LD_RUNPATH_SEARCH_PATHS = (
					"$(inherited)",
					"@executable_path/Frameworks",
				);
				MARKETING_VERSION = 1.0;
				PRODUCT_BUNDLE_IDENTIFIER = eu.lelfe.NavigationReducer;
				PRODUCT_NAME = "$(TARGET_NAME)";
				SWIFT_EMIT_LOC_STRINGS = YES;
				SWIFT_VERSION = 5.0;
				TARGETED_DEVICE_FAMILY = "1,2";
			};
			name = Debug;
		};
		21A92CA6298E6AB900868955 /* Release */ = {
			isa = XCBuildConfiguration;
			buildSettings = {
				ASSETCATALOG_COMPILER_APPICON_NAME = AppIcon;
				ASSETCATALOG_COMPILER_GLOBAL_ACCENT_COLOR_NAME = AccentColor;
				CODE_SIGN_STYLE = Automatic;
				CURRENT_PROJECT_VERSION = 1;
				DEVELOPMENT_ASSET_PATHS = "\"$TARGET_NAME/Preview Content\"";
				DEVELOPMENT_TEAM = M43468ZAL5;
				ENABLE_PREVIEWS = YES;
				GENERATE_INFOPLIST_FILE = YES;
				INFOPLIST_KEY_UIApplicationSceneManifest_Generation = YES;
				INFOPLIST_KEY_UIApplicationSupportsIndirectInputEvents = YES;
				INFOPLIST_KEY_UILaunchScreen_Generation = YES;
				INFOPLIST_KEY_UISupportedInterfaceOrientations_iPad = "UIInterfaceOrientationPortrait UIInterfaceOrientationPortraitUpsideDown UIInterfaceOrientationLandscapeLeft UIInterfaceOrientationLandscapeRight";
				INFOPLIST_KEY_UISupportedInterfaceOrientations_iPhone = "UIInterfaceOrientationPortrait UIInterfaceOrientationLandscapeLeft UIInterfaceOrientationLandscapeRight";
				LD_RUNPATH_SEARCH_PATHS = (
					"$(inherited)",
					"@executable_path/Frameworks",
				);
				MARKETING_VERSION = 1.0;
				PRODUCT_BUNDLE_IDENTIFIER = eu.lelfe.NavigationReducer;
				PRODUCT_NAME = "$(TARGET_NAME)";
				SWIFT_EMIT_LOC_STRINGS = YES;
				SWIFT_VERSION = 5.0;
				TARGETED_DEVICE_FAMILY = "1,2";
			};
			name = Release;
		};
/* End XCBuildConfiguration section */

/* Begin XCConfigurationList section */
		21A92C91298E6AB700868955 /* Build configuration list for PBXProject "NavigationReducerApp" */ = {
			isa = XCConfigurationList;
			buildConfigurations = (
				21A92CA2298E6AB900868955 /* Debug */,
				21A92CA3298E6AB900868955 /* Release */,
			);
			defaultConfigurationIsVisible = 0;
			defaultConfigurationName = Release;
		};
		21A92CA4298E6AB900868955 /* Build configuration list for PBXNativeTarget "NavigationReducerApp" */ = {
			isa = XCConfigurationList;
			buildConfigurations = (
				21A92CA5298E6AB900868955 /* Debug */,
				21A92CA6298E6AB900868955 /* Release */,
			);
			defaultConfigurationIsVisible = 0;
			defaultConfigurationName = Release;
		};
/* End XCConfigurationList section */

/* Begin XCRemoteSwiftPackageReference section */
		216D04A1298E6C5600853743 /* XCRemoteSwiftPackageReference "swift-composable-architecture" */ = {
			isa = XCRemoteSwiftPackageReference;
			repositoryURL = "https://github.com/pointfreeco/swift-composable-architecture.git";
			requirement = {
				kind = upToNextMajorVersion;
				minimumVersion = 0.50.1;
			};
		};
/* End XCRemoteSwiftPackageReference section */

/* Begin XCSwiftPackageProductDependency section */
		216D04A7298EB66600853743 /* NavigationReducer */ = {
			isa = XCSwiftPackageProductDependency;
			productName = NavigationReducer;
		};
/* End XCSwiftPackageProductDependency section */
	};
	rootObject = 21A92C8E298E6AB700868955 /* Project object */;
}
